
Microsoft Visual Studio Solution File, Format Version 12.00
# Visual Studio Version 17
VisualStudioVersion = 17.6.33829.357
MinimumVisualStudioVersion = 10.0.40219.1
Project("{9A19103F-16F7-4668-BE54-9A1E7A4F7556}") = "TreeHouse.OtherParams", "TreeHouse.OtherParams\TreeHouse.OtherParams.csproj", "{63CB6E1E-01D1-4B21-B8D9-347853B5154F}"
EndProject
Project("{FAE04EC0-301F-11D3-BF4B-00C04F79EFBC}") = "TreeHouse.PacketDocs", "TreeHouse.PacketDocs\TreeHouse.PacketDocs.csproj", "{00ED0211-1493-4751-A929-3C5A4798676F}"
EndProject
Project("{FAE04EC0-301F-11D3-BF4B-00C04F79EFBC}") = "TreeHouse.PacketFormat", "TreeHouse.PacketFormat\TreeHouse.PacketFormat.csproj", "{5F61EFFA-EA63-45BE-B496-0D63F0D83F65}"
EndProject
Project("{FAE04EC0-301F-11D3-BF4B-00C04F79EFBC}") = "TreeHouse.Common", "TreeHouse.Common\TreeHouse.Common.csproj", "{B3A2F098-9F5B-4BA0-860A-623C9ECF79F7}"
EndProject
Project("{FAE04EC0-301F-11D3-BF4B-00C04F79EFBC}") = "TreeHouse.PacketFormat.Tests", "TreeHouse.PacketFormat.Tests\TreeHouse.PacketFormat.Tests.csproj", "{07EA4FC4-CDD3-44AA-A6AF-5867776073E9}"
EndProject
Project("{FAE04EC0-301F-11D3-BF4B-00C04F79EFBC}") = "TreeHouse.PacketParser", "TreeHouse.PacketParser\TreeHouse.PacketParser.csproj", "{52FDE5DC-B31A-43A1-90A9-57340B712556}"
EndProject
Project("{FAE04EC0-301F-11D3-BF4B-00C04F79EFBC}") = "TreeHouse.Common.CommandLine", "TreeHouse.Common.CommandLine\TreeHouse.Common.CommandLine.csproj", "{DEED2C9B-5337-41EC-8D0F-787545CEFDFD}"
EndProject
Project("{FAE04EC0-301F-11D3-BF4B-00C04F79EFBC}") = "TreeHouse.ImageFeatures", "TreeHouse.ImageFeatures\TreeHouse.ImageFeatures.csproj", "{ABB1465F-E940-4DE4-8D69-EB01B7570FD2}"
EndProject
Project("{FAE04EC0-301F-11D3-BF4B-00C04F79EFBC}") = "TreeHouse.QuestIndexer", "TreeHouse.QuestIndexer\TreeHouse.QuestIndexer.csproj", "{4D6A7147-D283-4BDA-A63E-980AF4732BE0}"
EndProject
Project("{2150E333-8FDC-42A3-9474-1A3956D46DE8}") = "UniDelta", "UniDelta", "{6B8914C4-38BF-492C-B2DE-9081E941C3D7}"
EndProject
Project("{FAE04EC0-301F-11D3-BF4B-00C04F79EFBC}") = "UniDelta.Myers", "UniDelta\UniDelta.Myers\UniDelta.Myers.csproj", "{045C0A81-609E-480B-A4BD-1B7978691BF4}"
EndProject
Project("{FAE04EC0-301F-11D3-BF4B-00C04F79EFBC}") = "TreeHouse.LocalizationDiffer", "TreeHouse.LocalizationDiffer\TreeHouse.LocalizationDiffer.csproj", "{0D0270DA-7970-4A42-9FBA-4DF9D0190CD3}"
EndProject
Project("{FAE04EC0-301F-11D3-BF4B-00C04F79EFBC}") = "TreeHouse.QuestModels", "TreeHouse.QuestModels\TreeHouse.QuestModels.csproj", "{1ACDAD20-CA97-4F9A-86B7-4D7069CFCA0F}"
EndProject
Global
	GlobalSection(SolutionConfigurationPlatforms) = preSolution
		Debug|Any CPU = Debug|Any CPU
		Release|Any CPU = Release|Any CPU
	EndGlobalSection
	GlobalSection(ProjectConfigurationPlatforms) = postSolution
		{63CB6E1E-01D1-4B21-B8D9-347853B5154F}.Debug|Any CPU.ActiveCfg = Debug|Any CPU
		{63CB6E1E-01D1-4B21-B8D9-347853B5154F}.Debug|Any CPU.Build.0 = Debug|Any CPU
		{63CB6E1E-01D1-4B21-B8D9-347853B5154F}.Release|Any CPU.ActiveCfg = Release|Any CPU
		{63CB6E1E-01D1-4B21-B8D9-347853B5154F}.Release|Any CPU.Build.0 = Release|Any CPU
		{00ED0211-1493-4751-A929-3C5A4798676F}.Debug|Any CPU.ActiveCfg = Debug|Any CPU
		{00ED0211-1493-4751-A929-3C5A4798676F}.Debug|Any CPU.Build.0 = Debug|Any CPU
		{00ED0211-1493-4751-A929-3C5A4798676F}.Release|Any CPU.ActiveCfg = Release|Any CPU
		{00ED0211-1493-4751-A929-3C5A4798676F}.Release|Any CPU.Build.0 = Release|Any CPU
		{5F61EFFA-EA63-45BE-B496-0D63F0D83F65}.Debug|Any CPU.ActiveCfg = Debug|Any CPU
		{5F61EFFA-EA63-45BE-B496-0D63F0D83F65}.Debug|Any CPU.Build.0 = Debug|Any CPU
		{5F61EFFA-EA63-45BE-B496-0D63F0D83F65}.Release|Any CPU.ActiveCfg = Release|Any CPU
		{5F61EFFA-EA63-45BE-B496-0D63F0D83F65}.Release|Any CPU.Build.0 = Release|Any CPU
		{B3A2F098-9F5B-4BA0-860A-623C9ECF79F7}.Debug|Any CPU.ActiveCfg = Debug|Any CPU
		{B3A2F098-9F5B-4BA0-860A-623C9ECF79F7}.Debug|Any CPU.Build.0 = Debug|Any CPU
		{B3A2F098-9F5B-4BA0-860A-623C9ECF79F7}.Release|Any CPU.ActiveCfg = Release|Any CPU
		{B3A2F098-9F5B-4BA0-860A-623C9ECF79F7}.Release|Any CPU.Build.0 = Release|Any CPU
		{07EA4FC4-CDD3-44AA-A6AF-5867776073E9}.Debug|Any CPU.ActiveCfg = Debug|Any CPU
		{07EA4FC4-CDD3-44AA-A6AF-5867776073E9}.Debug|Any CPU.Build.0 = Debug|Any CPU
		{07EA4FC4-CDD3-44AA-A6AF-5867776073E9}.Release|Any CPU.ActiveCfg = Release|Any CPU
		{07EA4FC4-CDD3-44AA-A6AF-5867776073E9}.Release|Any CPU.Build.0 = Release|Any CPU
		{52FDE5DC-B31A-43A1-90A9-57340B712556}.Debug|Any CPU.ActiveCfg = Debug|Any CPU
		{52FDE5DC-B31A-43A1-90A9-57340B712556}.Debug|Any CPU.Build.0 = Debug|Any CPU
		{52FDE5DC-B31A-43A1-90A9-57340B712556}.Release|Any CPU.ActiveCfg = Release|Any CPU
		{52FDE5DC-B31A-43A1-90A9-57340B712556}.Release|Any CPU.Build.0 = Release|Any CPU
		{DEED2C9B-5337-41EC-8D0F-787545CEFDFD}.Debug|Any CPU.ActiveCfg = Debug|Any CPU
		{DEED2C9B-5337-41EC-8D0F-787545CEFDFD}.Debug|Any CPU.Build.0 = Debug|Any CPU
		{DEED2C9B-5337-41EC-8D0F-787545CEFDFD}.Release|Any CPU.ActiveCfg = Release|Any CPU
		{DEED2C9B-5337-41EC-8D0F-787545CEFDFD}.Release|Any CPU.Build.0 = Release|Any CPU
		{ABB1465F-E940-4DE4-8D69-EB01B7570FD2}.Debug|Any CPU.ActiveCfg = Debug|Any CPU
		{ABB1465F-E940-4DE4-8D69-EB01B7570FD2}.Debug|Any CPU.Build.0 = Debug|Any CPU
		{ABB1465F-E940-4DE4-8D69-EB01B7570FD2}.Release|Any CPU.ActiveCfg = Release|Any CPU
		{ABB1465F-E940-4DE4-8D69-EB01B7570FD2}.Release|Any CPU.Build.0 = Release|Any CPU
		{4D6A7147-D283-4BDA-A63E-980AF4732BE0}.Debug|Any CPU.ActiveCfg = Debug|Any CPU
		{4D6A7147-D283-4BDA-A63E-980AF4732BE0}.Debug|Any CPU.Build.0 = Debug|Any CPU
		{4D6A7147-D283-4BDA-A63E-980AF4732BE0}.Release|Any CPU.ActiveCfg = Release|Any CPU
		{4D6A7147-D283-4BDA-A63E-980AF4732BE0}.Release|Any CPU.Build.0 = Release|Any CPU
		{045C0A81-609E-480B-A4BD-1B7978691BF4}.Debug|Any CPU.ActiveCfg = Debug|Any CPU
		{045C0A81-609E-480B-A4BD-1B7978691BF4}.Debug|Any CPU.Build.0 = Debug|Any CPU
		{045C0A81-609E-480B-A4BD-1B7978691BF4}.Release|Any CPU.ActiveCfg = Release|Any CPU
		{045C0A81-609E-480B-A4BD-1B7978691BF4}.Release|Any CPU.Build.0 = Release|Any CPU
		{0D0270DA-7970-4A42-9FBA-4DF9D0190CD3}.Debug|Any CPU.ActiveCfg = Debug|Any CPU
		{0D0270DA-7970-4A42-9FBA-4DF9D0190CD3}.Debug|Any CPU.Build.0 = Debug|Any CPU
		{0D0270DA-7970-4A42-9FBA-4DF9D0190CD3}.Release|Any CPU.ActiveCfg = Release|Any CPU
		{0D0270DA-7970-4A42-9FBA-4DF9D0190CD3}.Release|Any CPU.Build.0 = Release|Any CPU
		{1ACDAD20-CA97-4F9A-86B7-4D7069CFCA0F}.Debug|Any CPU.ActiveCfg = Debug|Any CPU
		{1ACDAD20-CA97-4F9A-86B7-4D7069CFCA0F}.Debug|Any CPU.Build.0 = Debug|Any CPU
		{1ACDAD20-CA97-4F9A-86B7-4D7069CFCA0F}.Release|Any CPU.ActiveCfg = Release|Any CPU
		{1ACDAD20-CA97-4F9A-86B7-4D7069CFCA0F}.Release|Any CPU.Build.0 = Release|Any CPU
	EndGlobalSection
	GlobalSection(SolutionProperties) = preSolution
		HideSolutionNode = FALSE
	EndGlobalSection
	GlobalSection(ExtensibilityGlobals) = postSolution
		SolutionGuid = {1FEEC95D-3122-45AF-A442-89834A871904}
	EndGlobalSection
	GlobalSection(NestedProjects) = preSolution
		{045C0A81-609E-480B-A4BD-1B7978691BF4} = {6B8914C4-38BF-492C-B2DE-9081E941C3D7}
	EndGlobalSection
EndGlobal
